// !$*UTF8*$!
{
	archiveVersion = 1;
	classes = {
	};
	objectVersion = 50;
	objects = {

/* Begin PBXBuildFile section */
		27849600254CCEB3004D76BC /* AppDelegate.swift in Sources */ = {isa = PBXBuildFile; fileRef = 278495FF254CCEB3004D76BC /* AppDelegate.swift */; };
		27849602254CCEB3004D76BC /* SceneDelegate.swift in Sources */ = {isa = PBXBuildFile; fileRef = 27849601254CCEB3004D76BC /* SceneDelegate.swift */; };
		27849604254CCEB3004D76BC /* ContentView.swift in Sources */ = {isa = PBXBuildFile; fileRef = 27849603254CCEB3004D76BC /* ContentView.swift */; };
		27849607254CCEB3004D76BC /* DrinkSmart.xcdatamodeld in Sources */ = {isa = PBXBuildFile; fileRef = 27849605254CCEB3004D76BC /* DrinkSmart.xcdatamodeld */; };
		27849609254CCEB8004D76BC /* Assets.xcassets in Resources */ = {isa = PBXBuildFile; fileRef = 27849608254CCEB8004D76BC /* Assets.xcassets */; };
		2784960C254CCEB8004D76BC /* Preview Assets.xcassets in Resources */ = {isa = PBXBuildFile; fileRef = 2784960B254CCEB8004D76BC /* Preview Assets.xcassets */; };
		2784960F254CCEB8004D76BC /* LaunchScreen.storyboard in Resources */ = {isa = PBXBuildFile; fileRef = 2784960D254CCEB8004D76BC /* LaunchScreen.storyboard */; };
		27849618254CCEF6004D76BC /* Aux.swift in Sources */ = {isa = PBXBuildFile; fileRef = 27849617254CCEF6004D76BC /* Aux.swift */; };
		2784961F254CDB53004D76BC /* DrinksType.swift in Sources */ = {isa = PBXBuildFile; fileRef = 2784961E254CDB53004D76BC /* DrinksType.swift */; };
		27E7D98D2559A8B00018A91E /* BeerView.swift in Sources */ = {isa = PBXBuildFile; fileRef = 27E7D98C2559A8B00018A91E /* BeerView.swift */; };
/* End PBXBuildFile section */

/* Begin PBXFileReference section */
		278495FC254CCEB3004D76BC /* DrinkSmart.app */ = {isa = PBXFileReference; explicitFileType = wrapper.application; includeInIndex = 0; path = DrinkSmart.app; sourceTree = BUILT_PRODUCTS_DIR; };
		278495FF254CCEB3004D76BC /* AppDelegate.swift */ = {isa = PBXFileReference; lastKnownFileType = sourcecode.swift; path = AppDelegate.swift; sourceTree = "<group>"; };
		27849601254CCEB3004D76BC /* SceneDelegate.swift */ = {isa = PBXFileReference; lastKnownFileType = sourcecode.swift; path = SceneDelegate.swift; sourceTree = "<group>"; };
		27849603254CCEB3004D76BC /* ContentView.swift */ = {isa = PBXFileReference; lastKnownFileType = sourcecode.swift; path = ContentView.swift; sourceTree = "<group>"; };
		27849606254CCEB3004D76BC /* DrinkSmart.xcdatamodel */ = {isa = PBXFileReference; lastKnownFileType = wrapper.xcdatamodel; path = DrinkSmart.xcdatamodel; sourceTree = "<group>"; };
		27849608254CCEB8004D76BC /* Assets.xcassets */ = {isa = PBXFileReference; lastKnownFileType = folder.assetcatalog; path = Assets.xcassets; sourceTree = "<group>"; };
		2784960B254CCEB8004D76BC /* Preview Assets.xcassets */ = {isa = PBXFileReference; lastKnownFileType = folder.assetcatalog; path = "Preview Assets.xcassets"; sourceTree = "<group>"; };
		2784960E254CCEB8004D76BC /* Base */ = {isa = PBXFileReference; lastKnownFileType = file.storyboard; name = Base; path = Base.lproj/LaunchScreen.storyboard; sourceTree = "<group>"; };
		27849610254CCEB8004D76BC /* Info.plist */ = {isa = PBXFileReference; lastKnownFileType = text.plist.xml; path = Info.plist; sourceTree = "<group>"; };
		27849617254CCEF6004D76BC /* Aux.swift */ = {isa = PBXFileReference; lastKnownFileType = sourcecode.swift; path = Aux.swift; sourceTree = "<group>"; };
		2784961E254CDB53004D76BC /* DrinksType.swift */ = {isa = PBXFileReference; lastKnownFileType = sourcecode.swift; path = DrinksType.swift; sourceTree = "<group>"; };
		27E7D98C2559A8B00018A91E /* BeerView.swift */ = {isa = PBXFileReference; lastKnownFileType = sourcecode.swift; path = BeerView.swift; sourceTree = "<group>"; };
/* End PBXFileReference section */

/* Begin PBXFrameworksBuildPhase section */
		278495F9254CCEB3004D76BC /* Frameworks */ = {
			isa = PBXFrameworksBuildPhase;
			buildActionMask = 2147483647;
			files = (
			);
			runOnlyForDeploymentPostprocessing = 0;
		};
/* End PBXFrameworksBuildPhase section */

/* Begin PBXGroup section */
		278495F3254CCEB3004D76BC = {
			isa = PBXGroup;
			children = (
				278495FE254CCEB3004D76BC /* DrinkSmart */,
				278495FD254CCEB3004D76BC /* Products */,
			);
			sourceTree = "<group>";
		};
		278495FD254CCEB3004D76BC /* Products */ = {
			isa = PBXGroup;
			children = (
				278495FC254CCEB3004D76BC /* DrinkSmart.app */,
			);
			name = Products;
			sourceTree = "<group>";
		};
		278495FE254CCEB3004D76BC /* DrinkSmart */ = {
			isa = PBXGroup;
			children = (
				278495FF254CCEB3004D76BC /* AppDelegate.swift */,
				27849601254CCEB3004D76BC /* SceneDelegate.swift */,
				27849603254CCEB3004D76BC /* ContentView.swift */,
				2784961E254CDB53004D76BC /* DrinksType.swift */,
				27E7D98C2559A8B00018A91E /* BeerView.swift */,
				27849617254CCEF6004D76BC /* Aux.swift */,
				27849608254CCEB8004D76BC /* Assets.xcassets */,
				2784960D254CCEB8004D76BC /* LaunchScreen.storyboard */,
				27849610254CCEB8004D76BC /* Info.plist */,
				27849605254CCEB3004D76BC /* DrinkSmart.xcdatamodeld */,
				2784960A254CCEB8004D76BC /* Preview Content */,
			);
			path = DrinkSmart;
			sourceTree = "<group>";
		};
		2784960A254CCEB8004D76BC /* Preview Content */ = {
			isa = PBXGroup;
			children = (
				2784960B254CCEB8004D76BC /* Preview Assets.xcassets */,
			);
			path = "Preview Content";
			sourceTree = "<group>";
		};
/* End PBXGroup section */

/* Begin PBXNativeTarget section */
		278495FB254CCEB3004D76BC /* DrinkSmart */ = {
			isa = PBXNativeTarget;
			buildConfigurationList = 27849613254CCEB8004D76BC /* Build configuration list for PBXNativeTarget "DrinkSmart" */;
			buildPhases = (
				278495F8254CCEB3004D76BC /* Sources */,
				278495F9254CCEB3004D76BC /* Frameworks */,
				278495FA254CCEB3004D76BC /* Resources */,
			);
			buildRules = (
			);
			dependencies = (
			);
			name = DrinkSmart;
			productName = DrinkSmart;
			productReference = 278495FC254CCEB3004D76BC /* DrinkSmart.app */;
			productType = "com.apple.product-type.application";
		};
/* End PBXNativeTarget section */

/* Begin PBXProject section */
		278495F4254CCEB3004D76BC /* Project object */ = {
			isa = PBXProject;
			attributes = {
				LastSwiftUpdateCheck = 1210;
				LastUpgradeCheck = 1210;
				TargetAttributes = {
					278495FB254CCEB3004D76BC = {
						CreatedOnToolsVersion = 12.1;
					};
				};
			};
			buildConfigurationList = 278495F7254CCEB3004D76BC /* Build configuration list for PBXProject "DrinkSmart" */;
			compatibilityVersion = "Xcode 9.3";
			developmentRegion = en;
			hasScannedForEncodings = 0;
			knownRegions = (
				en,
				Base,
			);
			mainGroup = 278495F3254CCEB3004D76BC;
			productRefGroup = 278495FD254CCEB3004D76BC /* Products */;
			projectDirPath = "";
			projectRoot = "";
			targets = (
				278495FB254CCEB3004D76BC /* DrinkSmart */,
			);
		};
/* End PBXProject section */

/* Begin PBXResourcesBuildPhase section */
		278495FA254CCEB3004D76BC /* Resources */ = {
			isa = PBXResourcesBuildPhase;
			buildActionMask = 2147483647;
			files = (
				2784960F254CCEB8004D76BC /* LaunchScreen.storyboard in Resources */,
				2784960C254CCEB8004D76BC /* Preview Assets.xcassets in Resources */,
				27849609254CCEB8004D76BC /* Assets.xcassets in Resources */,
			);
			runOnlyForDeploymentPostprocessing = 0;
		};
/* End PBXResourcesBuildPhase section */

/* Begin PBXSourcesBuildPhase section */
		278495F8254CCEB3004D76BC /* Sources */ = {
			isa = PBXSourcesBuildPhase;
			buildActionMask = 2147483647;
			files = (
				27849600254CCEB3004D76BC /* AppDelegate.swift in Sources */,
				27849602254CCEB3004D76BC /* SceneDelegate.swift in Sources */,
				27E7D98D2559A8B00018A91E /* BeerView.swift in Sources */,
				27849618254CCEF6004D76BC /* Aux.swift in Sources */,
				27849607254CCEB3004D76BC /* DrinkSmart.xcdatamodeld in Sources */,
				2784961F254CDB53004D76BC /* DrinksType.swift in Sources */,
				27849604254CCEB3004D76BC /* ContentView.swift in Sources */,
			);
			runOnlyForDeploymentPostprocessing = 0;
		};
/* End PBXSourcesBuildPhase section */

/* Begin PBXVariantGroup section */
		2784960D254CCEB8004D76BC /* LaunchScreen.storyboard */ = {
			isa = PBXVariantGroup;
			children = (
				2784960E254CCEB8004D76BC /* Base */,
			);
			name = LaunchScreen.storyboard;
			sourceTree = "<group>";
		};
/* End PBXVariantGroup section */

/* Begin XCBuildConfiguration section */
		27849611254CCEB8004D76BC /* Debug */ = {
			isa = XCBuildConfiguration;
			buildSettings = {
				ALWAYS_SEARCH_USER_PATHS = NO;
				CLANG_ANALYZER_NONNULL = YES;
				CLANG_ANALYZER_NUMBER_OBJECT_CONVERSION = YES_AGGRESSIVE;
				CLANG_CXX_LANGUAGE_STANDARD = "gnu++14";
				CLANG_CXX_LIBRARY = "libc++";
				CLANG_ENABLE_MODULES = YES;
				CLANG_ENABLE_OBJC_ARC = YES;
				CLANG_ENABLE_OBJC_WEAK = YES;
				CLANG_WARN_BLOCK_CAPTURE_AUTORELEASING = YES;
				CLANG_WARN_BOOL_CONVERSION = YES;
				CLANG_WARN_COMMA = YES;
				CLANG_WARN_CONSTANT_CONVERSION = YES;
				CLANG_WARN_DEPRECATED_OBJC_IMPLEMENTATIONS = YES;
				CLANG_WARN_DIRECT_OBJC_ISA_USAGE = YES_ERROR;
				CLANG_WARN_DOCUMENTATION_COMMENTS = YES;
				CLANG_WARN_EMPTY_BODY = YES;
				CLANG_WARN_ENUM_CONVERSION = YES;
				CLANG_WARN_INFINITE_RECURSION = YES;
				CLANG_WARN_INT_CONVERSION = YES;
				CLANG_WARN_NON_LITERAL_NULL_CONVERSION = YES;
				CLANG_WARN_OBJC_IMPLICIT_RETAIN_SELF = YES;
				CLANG_WARN_OBJC_LITERAL_CONVERSION = YES;
				CLANG_WARN_OBJC_ROOT_CLASS = YES_ERROR;
				CLANG_WARN_QUOTED_INCLUDE_IN_FRAMEWORK_HEADER = YES;
				CLANG_WARN_RANGE_LOOP_ANALYSIS = YES;
				CLANG_WARN_STRICT_PROTOTYPES = YES;
				CLANG_WARN_SUSPICIOUS_MOVE = YES;
				CLANG_WARN_UNGUARDED_AVAILABILITY = YES_AGGRESSIVE;
				CLANG_WARN_UNREACHABLE_CODE = YES;
				CLANG_WARN__DUPLICATE_METHOD_MATCH = YES;
				COPY_PHASE_STRIP = NO;
				DEBUG_INFORMATION_FORMAT = dwarf;
				ENABLE_STRICT_OBJC_MSGSEND = YES;
				ENABLE_TESTABILITY = YES;
				GCC_C_LANGUAGE_STANDARD = gnu11;
				GCC_DYNAMIC_NO_PIC = NO;
				GCC_NO_COMMON_BLOCKS = YES;
				GCC_OPTIMIZATION_LEVEL = 0;
				GCC_PREPROCESSOR_DEFINITIONS = (
					"DEBUG=1",
					"$(inherited)",
				);
				GCC_WARN_64_TO_32_BIT_CONVERSION = YES;
				GCC_WARN_ABOUT_RETURN_TYPE = YES_ERROR;
				GCC_WARN_UNDECLARED_SELECTOR = YES;
				GCC_WARN_UNINITIALIZED_AUTOS = YES_AGGRESSIVE;
				GCC_WARN_UNUSED_FUNCTION = YES;
				GCC_WARN_UNUSED_VARIABLE = YES;
				IPHONEOS_DEPLOYMENT_TARGET = 14.1;
				MTL_ENABLE_DEBUG_INFO = INCLUDE_SOURCE;
				MTL_FAST_MATH = YES;
				ONLY_ACTIVE_ARCH = YES;
				SDKROOT = iphoneos;
				SWIFT_ACTIVE_COMPILATION_CONDITIONS = DEBUG;
				SWIFT_OPTIMIZATION_LEVEL = "-Onone";
			};
			name = Debug;
		};
		27849612254CCEB8004D76BC /* Release */ = {
			isa = XCBuildConfiguration;
			buildSettings = {
				ALWAYS_SEARCH_USER_PATHS = NO;
				CLANG_ANALYZER_NONNULL = YES;
				CLANG_ANALYZER_NUMBER_OBJECT_CONVERSION = YES_AGGRESSIVE;
				CLANG_CXX_LANGUAGE_STANDARD = "gnu++14";
				CLANG_CXX_LIBRARY = "libc++";
				CLANG_ENABLE_MODULES = YES;
				CLANG_ENABLE_OBJC_ARC = YES;
				CLANG_ENABLE_OBJC_WEAK = YES;
				CLANG_WARN_BLOCK_CAPTURE_AUTORELEASING = YES;
				CLANG_WARN_BOOL_CONVERSION = YES;
				CLANG_WARN_COMMA = YES;
				CLANG_WARN_CONSTANT_CONVERSION = YES;
				CLANG_WARN_DEPRECATED_OBJC_IMPLEMENTATIONS = YES;
				CLANG_WARN_DIRECT_OBJC_ISA_USAGE = YES_ERROR;
				CLANG_WARN_DOCUMENTATION_COMMENTS = YES;
				CLANG_WARN_EMPTY_BODY = YES;
				CLANG_WARN_ENUM_CONVERSION = YES;
				CLANG_WARN_INFINITE_RECURSION = YES;
				CLANG_WARN_INT_CONVERSION = YES;
				CLANG_WARN_NON_LITERAL_NULL_CONVERSION = YES;
				CLANG_WARN_OBJC_IMPLICIT_RETAIN_SELF = YES;
				CLANG_WARN_OBJC_LITERAL_CONVERSION = YES;
				CLANG_WARN_OBJC_ROOT_CLASS = YES_ERROR;
				CLANG_WARN_QUOTED_INCLUDE_IN_FRAMEWORK_HEADER = YES;
				CLANG_WARN_RANGE_LOOP_ANALYSIS = YES;
				CLANG_WARN_STRICT_PROTOTYPES = YES;
				CLANG_WARN_SUSPICIOUS_MOVE = YES;
				CLANG_WARN_UNGUARDED_AVAILABILITY = YES_AGGRESSIVE;
				CLANG_WARN_UNREACHABLE_CODE = YES;
				CLANG_WARN__DUPLICATE_METHOD_MATCH = YES;
				COPY_PHASE_STRIP = NO;
				DEBUG_INFORMATION_FORMAT = "dwarf-with-dsym";
				ENABLE_NS_ASSERTIONS = NO;
				ENABLE_STRICT_OBJC_MSGSEND = YES;
				GCC_C_LANGUAGE_STANDARD = gnu11;
				GCC_NO_COMMON_BLOCKS = YES;
				GCC_WARN_64_TO_32_BIT_CONVERSION = YES;
				GCC_WARN_ABOUT_RETURN_TYPE = YES_ERROR;
				GCC_WARN_UNDECLARED_SELECTOR = YES;
				GCC_WARN_UNINITIALIZED_AUTOS = YES_AGGRESSIVE;
				GCC_WARN_UNUSED_FUNCTION = YES;
				GCC_WARN_UNUSED_VARIABLE = YES;
				IPHONEOS_DEPLOYMENT_TARGET = 14.1;
				MTL_ENABLE_DEBUG_INFO = NO;
				MTL_FAST_MATH = YES;
				SDKROOT = iphoneos;
				SWIFT_COMPILATION_MODE = wholemodule;
				SWIFT_OPTIMIZATION_LEVEL = "-O";
				VALIDATE_PRODUCT = YES;
			};
			name = Release;
		};
		27849614254CCEB8004D76BC /* Debug */ = {
			isa = XCBuildConfiguration;
			buildSettings = {
				ASSETCATALOG_COMPILER_APPICON_NAME = AppIcon;
				ASSETCATALOG_COMPILER_GLOBAL_ACCENT_COLOR_NAME = AccentColor;
				CODE_SIGN_STYLE = Automatic;
				DEVELOPMENT_ASSET_PATHS = "\"DrinkSmart/Preview Content\"";
				DEVELOPMENT_TEAM = USALUK9LDS;
				ENABLE_PREVIEWS = YES;
				INFOPLIST_FILE = DrinkSmart/Info.plist;
				LD_RUNPATH_SEARCH_PATHS = (
					"$(inherited)",
					"@executable_path/Frameworks",
				);
				PRODUCT_BUNDLE_IDENTIFIER = com.RIO.DrinkSmart;
				PRODUCT_NAME = "$(TARGET_NAME)";
				SWIFT_VERSION = 5.0;
				TARGETED_DEVICE_FAMILY = "1,2";
			};
			name = Debug;
		};
		27849615254CCEB8004D76BC /* Release */ = {
			isa = XCBuildConfiguration;
			buildSettings = {
				ASSETCATALOG_COMPILER_APPICON_NAME = AppIcon;
				ASSETCATALOG_COMPILER_GLOBAL_ACCENT_COLOR_NAME = AccentColor;
				CODE_SIGN_STYLE = Automatic;
				DEVELOPMENT_ASSET_PATHS = "\"DrinkSmart/Preview Content\"";
				DEVELOPMENT_TEAM = USALUK9LDS;
				ENABLE_PREVIEWS = YES;
				INFOPLIST_FILE = DrinkSmart/Info.plist;
				LD_RUNPATH_SEARCH_PATHS = (
					"$(inherited)",
					"@executable_path/Frameworks",
				);
				PRODUCT_BUNDLE_IDENTIFIER = com.RIO.DrinkSmart;
				PRODUCT_NAME = "$(TARGET_NAME)";
				SWIFT_VERSION = 5.0;
				TARGETED_DEVICE_FAMILY = "1,2";
			};
			name = Release;
		};
/* End XCBuildConfiguration section */

/* Begin XCConfigurationList section */
		278495F7254CCEB3004D76BC /* Build configuration list for PBXProject "DrinkSmart" */ = {
			isa = XCConfigurationList;
			buildConfigurations = (
				27849611254CCEB8004D76BC /* Debug */,
				27849612254CCEB8004D76BC /* Release */,
			);
			defaultConfigurationIsVisible = 0;
			defaultConfigurationName = Release;
		};
		27849613254CCEB8004D76BC /* Build configuration list for PBXNativeTarget "DrinkSmart" */ = {
			isa = XCConfigurationList;
			buildConfigurations = (
				27849614254CCEB8004D76BC /* Debug */,
				27849615254CCEB8004D76BC /* Release */,
			);
			defaultConfigurationIsVisible = 0;
			defaultConfigurationName = Release;
		};
/* End XCConfigurationList section */

/* Begin XCVersionGroup section */
		27849605254CCEB3004D76BC /* DrinkSmart.xcdatamodeld */ = {
			isa = XCVersionGroup;
			children = (
				27849606254CCEB3004D76BC /* DrinkSmart.xcdatamodel */,
			);
			currentVersion = 27849606254CCEB3004D76BC /* DrinkSmart.xcdatamodel */;
			path = DrinkSmart.xcdatamodeld;
			sourceTree = "<group>";
			versionGroupType = wrapper.xcdatamodel;
		};
/* End XCVersionGroup section */
	};
	rootObject = 278495F4254CCEB3004D76BC /* Project object */;
}
